
Microsoft Visual Studio Solution File, Format Version 12.00
# Visual Studio Version 16
VisualStudioVersion = 16.0.31613.86
MinimumVisualStudioVersion = 10.0.40219.1
Project("{FAE04EC0-301F-11D3-BF4B-00C04F79EFBC}") = "Cole_HelloWorld", "Cole_HelloWorld.csproj", "{F326FD89-3687-4A0F-BB68-E653E52A86F5}"
EndProject
Global
	GlobalSection(SolutionConfigurationPlatforms) = preSolution
		Debug|Any CPU = Debug|Any CPU
		Release|Any CPU = Release|Any CPU
	EndGlobalSection
	GlobalSection(ProjectConfigurationPlatforms) = postSolution
		{F326FD89-3687-4A0F-BB68-E653E52A86F5}.Debug|Any CPU.ActiveCfg = Debug|Any CPU
		{F326FD89-3687-4A0F-BB68-E653E52A86F5}.Debug|Any CPU.Build.0 = Debug|Any CPU
		{F326FD89-3687-4A0F-BB68-E653E52A86F5}.Release|Any CPU.ActiveCfg = Release|Any CPU
		{F326FD89-3687-4A0F-BB68-E653E52A86F5}.Release|Any CPU.Build.0 = Release|Any CPU
	EndGlobalSection
	GlobalSection(SolutionProperties) = preSolution
		HideSolutionNode = FALSE
	EndGlobalSection
	GlobalSection(ExtensibilityGlobals) = postSolution
		SolutionGuid = {753E6368-EA3B-4D3A-A119-B0A4724C1CAF}
	EndGlobalSection
EndGlobal
