
Microsoft Visual Studio Solution File, Format Version 12.00
# Visual Studio Version 16
VisualStudioVersion = 16.0.31613.86
MinimumVisualStudioVersion = 10.0.40219.1
Project("{FAE04EC0-301F-11D3-BF4B-00C04F79EFBC}") = "T1Q13", "T1Q13.csproj", "{0A227569-905E-459E-96A2-C882B8B214CE}"
EndProject
Global
	GlobalSection(SolutionConfigurationPlatforms) = preSolution
		Debug|Any CPU = Debug|Any CPU
		Release|Any CPU = Release|Any CPU
	EndGlobalSection
	GlobalSection(ProjectConfigurationPlatforms) = postSolution
		{0A227569-905E-459E-96A2-C882B8B214CE}.Debug|Any CPU.ActiveCfg = Debug|Any CPU
		{0A227569-905E-459E-96A2-C882B8B214CE}.Debug|Any CPU.Build.0 = Debug|Any CPU
		{0A227569-905E-459E-96A2-C882B8B214CE}.Release|Any CPU.ActiveCfg = Release|Any CPU
		{0A227569-905E-459E-96A2-C882B8B214CE}.Release|Any CPU.Build.0 = Release|Any CPU
	EndGlobalSection
	GlobalSection(SolutionProperties) = preSolution
		HideSolutionNode = FALSE
	EndGlobalSection
	GlobalSection(ExtensibilityGlobals) = postSolution
		SolutionGuid = {FEC1F627-0A68-4249-A8C7-BB17BE64F519}
	EndGlobalSection
EndGlobal
