
Microsoft Visual Studio Solution File, Format Version 12.00
# Visual Studio Version 16
VisualStudioVersion = 16.0.31613.86
MinimumVisualStudioVersion = 10.0.40219.1
Project("{FAE04EC0-301F-11D3-BF4B-00C04F79EFBC}") = "MadLibs", "MadLibs.csproj", "{C2C0EEB6-803E-40D2-AE9B-D619FC56E576}"
EndProject
Global
	GlobalSection(SolutionConfigurationPlatforms) = preSolution
		Debug|Any CPU = Debug|Any CPU
		Release|Any CPU = Release|Any CPU
	EndGlobalSection
	GlobalSection(ProjectConfigurationPlatforms) = postSolution
		{C2C0EEB6-803E-40D2-AE9B-D619FC56E576}.Debug|Any CPU.ActiveCfg = Debug|Any CPU
		{C2C0EEB6-803E-40D2-AE9B-D619FC56E576}.Debug|Any CPU.Build.0 = Debug|Any CPU
		{C2C0EEB6-803E-40D2-AE9B-D619FC56E576}.Release|Any CPU.ActiveCfg = Release|Any CPU
		{C2C0EEB6-803E-40D2-AE9B-D619FC56E576}.Release|Any CPU.Build.0 = Release|Any CPU
	EndGlobalSection
	GlobalSection(SolutionProperties) = preSolution
		HideSolutionNode = FALSE
	EndGlobalSection
	GlobalSection(ExtensibilityGlobals) = postSolution
		SolutionGuid = {09A8B570-27AC-461C-96E9-5E85645E0936}
	EndGlobalSection
EndGlobal
