
Microsoft Visual Studio Solution File, Format Version 12.00
# Visual Studio Version 16
VisualStudioVersion = 16.0.31613.86
MinimumVisualStudioVersion = 10.0.40219.1
Project("{FAE04EC0-301F-11D3-BF4B-00C04F79EFBC}") = "FinalQ4", "FinalQ4.csproj", "{81F39395-5C32-4089-8164-EA099F26DA75}"
EndProject
Global
	GlobalSection(SolutionConfigurationPlatforms) = preSolution
		Debug|Any CPU = Debug|Any CPU
		Release|Any CPU = Release|Any CPU
	EndGlobalSection
	GlobalSection(ProjectConfigurationPlatforms) = postSolution
		{81F39395-5C32-4089-8164-EA099F26DA75}.Debug|Any CPU.ActiveCfg = Debug|Any CPU
		{81F39395-5C32-4089-8164-EA099F26DA75}.Debug|Any CPU.Build.0 = Debug|Any CPU
		{81F39395-5C32-4089-8164-EA099F26DA75}.Release|Any CPU.ActiveCfg = Release|Any CPU
		{81F39395-5C32-4089-8164-EA099F26DA75}.Release|Any CPU.Build.0 = Release|Any CPU
	EndGlobalSection
	GlobalSection(SolutionProperties) = preSolution
		HideSolutionNode = FALSE
	EndGlobalSection
	GlobalSection(ExtensibilityGlobals) = postSolution
		SolutionGuid = {66637FD9-794B-4859-9E5A-8776CBEDFB62}
	EndGlobalSection
EndGlobal
