
Microsoft Visual Studio Solution File, Format Version 12.00
# Visual Studio Version 16
VisualStudioVersion = 16.0.31613.86
MinimumVisualStudioVersion = 10.0.40219.1
Project("{FAE04EC0-301F-11D3-BF4B-00C04F79EFBC}") = "MathQuiz", "MathQuiz.csproj", "{ED8E5969-32B8-47D6-AB9C-72AE0EEC6D96}"
EndProject
Global
	GlobalSection(SolutionConfigurationPlatforms) = preSolution
		Debug|Any CPU = Debug|Any CPU
		Release|Any CPU = Release|Any CPU
	EndGlobalSection
	GlobalSection(ProjectConfigurationPlatforms) = postSolution
		{ED8E5969-32B8-47D6-AB9C-72AE0EEC6D96}.Debug|Any CPU.ActiveCfg = Debug|Any CPU
		{ED8E5969-32B8-47D6-AB9C-72AE0EEC6D96}.Debug|Any CPU.Build.0 = Debug|Any CPU
		{ED8E5969-32B8-47D6-AB9C-72AE0EEC6D96}.Release|Any CPU.ActiveCfg = Release|Any CPU
		{ED8E5969-32B8-47D6-AB9C-72AE0EEC6D96}.Release|Any CPU.Build.0 = Release|Any CPU
	EndGlobalSection
	GlobalSection(SolutionProperties) = preSolution
		HideSolutionNode = FALSE
	EndGlobalSection
	GlobalSection(ExtensibilityGlobals) = postSolution
		SolutionGuid = {27CD2020-CE11-46E4-A8F8-A8E071321329}
	EndGlobalSection
EndGlobal
